
Microsoft Visual Studio Solution File, Format Version 12.00
# Visual Studio Version 17
VisualStudioVersion = 17.0.31903.59
MinimumVisualStudioVersion = 10.0.40219.1
Project("{2150E333-8FDC-42A3-9474-1A3956D46DE8}") = "src", "src", "{827E0CD3-B72D-47B6-A68D-7590B98EB39B}"
EndProject
Project("{2150E333-8FDC-42A3-9474-1A3956D46DE8}") = "AuthApi", "AuthApi", "{3C8BE07A-8CD4-E8D0-DA56-A15337695D88}"
EndProject
Project("{FAE04EC0-301F-11D3-BF4B-00C04F79EFBC}") = "AuthApi.Api", "src\AuthApi\AuthApi.Api.csproj", "{F4EB48F1-69FD-47F9-9FC8-376D3DB93E23}"
EndProject
Project("{FAE04EC0-301F-11D3-BF4B-00C04F79EFBC}") = "AuthApi.Application", "src\AuthApi.Application\AuthApi.Application.csproj", "{5FBFA65C-5966-49AD-A21A-9690722A6B51}"
EndProject
Project("{FAE04EC0-301F-11D3-BF4B-00C04F79EFBC}") = "AuthApi.Core", "src\AuthApi.Core\AuthApi.Core.csproj", "{5E0DBEE7-DACE-4A30-B451-7C48D89EB61F}"
EndProject
Project("{FAE04EC0-301F-11D3-BF4B-00C04F79EFBC}") = "AuthApi.Domain", "src\AuthApi.Domain\AuthApi.Domain.csproj", "{71688AA8-199A-482A-9E38-4E928E186985}"
EndProject
Project("{FAE04EC0-301F-11D3-BF4B-00C04F79EFBC}") = "AuthApi.Infra", "src\AuthApi.Infra\AuthApi.Infra.csproj", "{8D33A6D3-F88A-4BE8-A10F-E09F8A7D3F6B}"
EndProject
Global
	GlobalSection(SolutionConfigurationPlatforms) = preSolution
		Debug|Any CPU = Debug|Any CPU
		Debug|x64 = Debug|x64
		Debug|x86 = Debug|x86
		Release|Any CPU = Release|Any CPU
		Release|x64 = Release|x64
		Release|x86 = Release|x86
	EndGlobalSection
	GlobalSection(ProjectConfigurationPlatforms) = postSolution
		{F4EB48F1-69FD-47F9-9FC8-376D3DB93E23}.Debug|Any CPU.ActiveCfg = Debug|Any CPU
		{F4EB48F1-69FD-47F9-9FC8-376D3DB93E23}.Debug|Any CPU.Build.0 = Debug|Any CPU
		{F4EB48F1-69FD-47F9-9FC8-376D3DB93E23}.Debug|x64.ActiveCfg = Debug|Any CPU
		{F4EB48F1-69FD-47F9-9FC8-376D3DB93E23}.Debug|x64.Build.0 = Debug|Any CPU
		{F4EB48F1-69FD-47F9-9FC8-376D3DB93E23}.Debug|x86.ActiveCfg = Debug|Any CPU
		{F4EB48F1-69FD-47F9-9FC8-376D3DB93E23}.Debug|x86.Build.0 = Debug|Any CPU
		{F4EB48F1-69FD-47F9-9FC8-376D3DB93E23}.Release|Any CPU.ActiveCfg = Release|Any CPU
		{F4EB48F1-69FD-47F9-9FC8-376D3DB93E23}.Release|Any CPU.Build.0 = Release|Any CPU
		{F4EB48F1-69FD-47F9-9FC8-376D3DB93E23}.Release|x64.ActiveCfg = Release|Any CPU
		{F4EB48F1-69FD-47F9-9FC8-376D3DB93E23}.Release|x64.Build.0 = Release|Any CPU
		{F4EB48F1-69FD-47F9-9FC8-376D3DB93E23}.Release|x86.ActiveCfg = Release|Any CPU
		{F4EB48F1-69FD-47F9-9FC8-376D3DB93E23}.Release|x86.Build.0 = Release|Any CPU
		{5FBFA65C-5966-49AD-A21A-9690722A6B51}.Debug|Any CPU.ActiveCfg = Debug|Any CPU
		{5FBFA65C-5966-49AD-A21A-9690722A6B51}.Debug|Any CPU.Build.0 = Debug|Any CPU
		{5FBFA65C-5966-49AD-A21A-9690722A6B51}.Debug|x64.ActiveCfg = Debug|Any CPU
		{5FBFA65C-5966-49AD-A21A-9690722A6B51}.Debug|x64.Build.0 = Debug|Any CPU
		{5FBFA65C-5966-49AD-A21A-9690722A6B51}.Debug|x86.ActiveCfg = Debug|Any CPU
		{5FBFA65C-5966-49AD-A21A-9690722A6B51}.Debug|x86.Build.0 = Debug|Any CPU
		{5FBFA65C-5966-49AD-A21A-9690722A6B51}.Release|Any CPU.ActiveCfg = Release|Any CPU
		{5FBFA65C-5966-49AD-A21A-9690722A6B51}.Release|Any CPU.Build.0 = Release|Any CPU
		{5FBFA65C-5966-49AD-A21A-9690722A6B51}.Release|x64.ActiveCfg = Release|Any CPU
		{5FBFA65C-5966-49AD-A21A-9690722A6B51}.Release|x64.Build.0 = Release|Any CPU
		{5FBFA65C-5966-49AD-A21A-9690722A6B51}.Release|x86.ActiveCfg = Release|Any CPU
		{5FBFA65C-5966-49AD-A21A-9690722A6B51}.Release|x86.Build.0 = Release|Any CPU
		{5E0DBEE7-DACE-4A30-B451-7C48D89EB61F}.Debug|Any CPU.ActiveCfg = Debug|Any CPU
		{5E0DBEE7-DACE-4A30-B451-7C48D89EB61F}.Debug|Any CPU.Build.0 = Debug|Any CPU
		{5E0DBEE7-DACE-4A30-B451-7C48D89EB61F}.Debug|x64.ActiveCfg = Debug|Any CPU
		{5E0DBEE7-DACE-4A30-B451-7C48D89EB61F}.Debug|x64.Build.0 = Debug|Any CPU
		{5E0DBEE7-DACE-4A30-B451-7C48D89EB61F}.Debug|x86.ActiveCfg = Debug|Any CPU
		{5E0DBEE7-DACE-4A30-B451-7C48D89EB61F}.Debug|x86.Build.0 = Debug|Any CPU
		{5E0DBEE7-DACE-4A30-B451-7C48D89EB61F}.Release|Any CPU.ActiveCfg = Release|Any CPU
		{5E0DBEE7-DACE-4A30-B451-7C48D89EB61F}.Release|Any CPU.Build.0 = Release|Any CPU
		{5E0DBEE7-DACE-4A30-B451-7C48D89EB61F}.Release|x64.ActiveCfg = Release|Any CPU
		{5E0DBEE7-DACE-4A30-B451-7C48D89EB61F}.Release|x64.Build.0 = Release|Any CPU
		{5E0DBEE7-DACE-4A30-B451-7C48D89EB61F}.Release|x86.ActiveCfg = Release|Any CPU
		{5E0DBEE7-DACE-4A30-B451-7C48D89EB61F}.Release|x86.Build.0 = Release|Any CPU
		{71688AA8-199A-482A-9E38-4E928E186985}.Debug|Any CPU.ActiveCfg = Debug|Any CPU
		{71688AA8-199A-482A-9E38-4E928E186985}.Debug|Any CPU.Build.0 = Debug|Any CPU
		{71688AA8-199A-482A-9E38-4E928E186985}.Debug|x64.ActiveCfg = Debug|Any CPU
		{71688AA8-199A-482A-9E38-4E928E186985}.Debug|x64.Build.0 = Debug|Any CPU
		{71688AA8-199A-482A-9E38-4E928E186985}.Debug|x86.ActiveCfg = Debug|Any CPU
		{71688AA8-199A-482A-9E38-4E928E186985}.Debug|x86.Build.0 = Debug|Any CPU
		{71688AA8-199A-482A-9E38-4E928E186985}.Release|Any CPU.ActiveCfg = Release|Any CPU
		{71688AA8-199A-482A-9E38-4E928E186985}.Release|Any CPU.Build.0 = Release|Any CPU
		{71688AA8-199A-482A-9E38-4E928E186985}.Release|x64.ActiveCfg = Release|Any CPU
		{71688AA8-199A-482A-9E38-4E928E186985}.Release|x64.Build.0 = Release|Any CPU
		{71688AA8-199A-482A-9E38-4E928E186985}.Release|x86.ActiveCfg = Release|Any CPU
		{71688AA8-199A-482A-9E38-4E928E186985}.Release|x86.Build.0 = Release|Any CPU
		{8D33A6D3-F88A-4BE8-A10F-E09F8A7D3F6B}.Debug|Any CPU.ActiveCfg = Debug|Any CPU
		{8D33A6D3-F88A-4BE8-A10F-E09F8A7D3F6B}.Debug|Any CPU.Build.0 = Debug|Any CPU
		{8D33A6D3-F88A-4BE8-A10F-E09F8A7D3F6B}.Debug|x64.ActiveCfg = Debug|Any CPU
		{8D33A6D3-F88A-4BE8-A10F-E09F8A7D3F6B}.Debug|x64.Build.0 = Debug|Any CPU
		{8D33A6D3-F88A-4BE8-A10F-E09F8A7D3F6B}.Debug|x86.ActiveCfg = Debug|Any CPU
		{8D33A6D3-F88A-4BE8-A10F-E09F8A7D3F6B}.Debug|x86.Build.0 = Debug|Any CPU
		{8D33A6D3-F88A-4BE8-A10F-E09F8A7D3F6B}.Release|Any CPU.ActiveCfg = Release|Any CPU
		{8D33A6D3-F88A-4BE8-A10F-E09F8A7D3F6B}.Release|Any CPU.Build.0 = Release|Any CPU
		{8D33A6D3-F88A-4BE8-A10F-E09F8A7D3F6B}.Release|x64.ActiveCfg = Release|Any CPU
		{8D33A6D3-F88A-4BE8-A10F-E09F8A7D3F6B}.Release|x64.Build.0 = Release|Any CPU
		{8D33A6D3-F88A-4BE8-A10F-E09F8A7D3F6B}.Release|x86.ActiveCfg = Release|Any CPU
		{8D33A6D3-F88A-4BE8-A10F-E09F8A7D3F6B}.Release|x86.Build.0 = Release|Any CPU
	EndGlobalSection
	GlobalSection(SolutionProperties) = preSolution
		HideSolutionNode = FALSE
	EndGlobalSection
	GlobalSection(NestedProjects) = preSolution
		{3C8BE07A-8CD4-E8D0-DA56-A15337695D88} = {827E0CD3-B72D-47B6-A68D-7590B98EB39B}
		{F4EB48F1-69FD-47F9-9FC8-376D3DB93E23} = {3C8BE07A-8CD4-E8D0-DA56-A15337695D88}
		{5FBFA65C-5966-49AD-A21A-9690722A6B51} = {827E0CD3-B72D-47B6-A68D-7590B98EB39B}
		{5E0DBEE7-DACE-4A30-B451-7C48D89EB61F} = {827E0CD3-B72D-47B6-A68D-7590B98EB39B}
		{71688AA8-199A-482A-9E38-4E928E186985} = {827E0CD3-B72D-47B6-A68D-7590B98EB39B}
		{8D33A6D3-F88A-4BE8-A10F-E09F8A7D3F6B} = {827E0CD3-B72D-47B6-A68D-7590B98EB39B}
	EndGlobalSection
EndGlobal
